
Microsoft Visual Studio Solution File, Format Version 12.00
# Visual Studio Version 17
VisualStudioVersion = 17.11.35312.102
MinimumVisualStudioVersion = 10.0.40219.1
Project("{FAE04EC0-301F-11D3-BF4B-00C04F79EFBC}") = "AlHantoushi.Api", "AlHantoushi.Api\AlHantoushi.Api.csproj", "{C55C6D2A-66F7-4438-AD73-EAEDBBDBEC3E}"
EndProject
Project("{FAE04EC0-301F-11D3-BF4B-00C04F79EFBC}") = "AlHantoushi.Core", "AlHantoushi.Core\AlHantoushi.Core.csproj", "{455B7869-22FC-4CAE-ABF9-E021BE98ABC5}"
EndProject
Project("{FAE04EC0-301F-11D3-BF4B-00C04F79EFBC}") = "AlHantoushi.Infrastructure", "AlHantoushi.Infrastructure\AlHantoushi.Infrastructure.csproj", "{AE00ED49-B6DE-4349-BF56-1F614BD5062C}"
EndProject
Global
	GlobalSection(SolutionConfigurationPlatforms) = preSolution
		Debug|Any CPU = Debug|Any CPU
		Release|Any CPU = Release|Any CPU
	EndGlobalSection
	GlobalSection(ProjectConfigurationPlatforms) = postSolution
		{C55C6D2A-66F7-4438-AD73-EAEDBBDBEC3E}.Debug|Any CPU.ActiveCfg = Debug|Any CPU
		{C55C6D2A-66F7-4438-AD73-EAEDBBDBEC3E}.Debug|Any CPU.Build.0 = Debug|Any CPU
		{C55C6D2A-66F7-4438-AD73-EAEDBBDBEC3E}.Release|Any CPU.ActiveCfg = Release|Any CPU
		{C55C6D2A-66F7-4438-AD73-EAEDBBDBEC3E}.Release|Any CPU.Build.0 = Release|Any CPU
		{455B7869-22FC-4CAE-ABF9-E021BE98ABC5}.Debug|Any CPU.ActiveCfg = Debug|Any CPU
		{455B7869-22FC-4CAE-ABF9-E021BE98ABC5}.Debug|Any CPU.Build.0 = Debug|Any CPU
		{455B7869-22FC-4CAE-ABF9-E021BE98ABC5}.Release|Any CPU.ActiveCfg = Release|Any CPU
		{455B7869-22FC-4CAE-ABF9-E021BE98ABC5}.Release|Any CPU.Build.0 = Release|Any CPU
		{AE00ED49-B6DE-4349-BF56-1F614BD5062C}.Debug|Any CPU.ActiveCfg = Debug|Any CPU
		{AE00ED49-B6DE-4349-BF56-1F614BD5062C}.Debug|Any CPU.Build.0 = Debug|Any CPU
		{AE00ED49-B6DE-4349-BF56-1F614BD5062C}.Release|Any CPU.ActiveCfg = Release|Any CPU
		{AE00ED49-B6DE-4349-BF56-1F614BD5062C}.Release|Any CPU.Build.0 = Release|Any CPU
	EndGlobalSection
	GlobalSection(SolutionProperties) = preSolution
		HideSolutionNode = FALSE
	EndGlobalSection
	GlobalSection(ExtensibilityGlobals) = postSolution
		SolutionGuid = {AF5F3F2F-943F-40FA-9CF6-8C45DBAA45DB}
	EndGlobalSection
EndGlobal
